
Microsoft Visual Studio Solution File, Format Version 12.00
# Visual Studio Version 17
VisualStudioVersion = 17.5.33516.290
MinimumVisualStudioVersion = 10.0.40219.1
Project("{FAE04EC0-301F-11D3-BF4B-00C04F79EFBC}") = "EncapsulamentoBasico", "EncapsulamentoBasico\EncapsulamentoBasico.csproj", "{586FD5AB-92ED-41BD-923E-52E2497A055C}"
EndProject
Global
	GlobalSection(SolutionConfigurationPlatforms) = preSolution
		Debug|Any CPU = Debug|Any CPU
		Release|Any CPU = Release|Any CPU
	EndGlobalSection
	GlobalSection(ProjectConfigurationPlatforms) = postSolution
		{586FD5AB-92ED-41BD-923E-52E2497A055C}.Debug|Any CPU.ActiveCfg = Debug|Any CPU
		{586FD5AB-92ED-41BD-923E-52E2497A055C}.Debug|Any CPU.Build.0 = Debug|Any CPU
		{586FD5AB-92ED-41BD-923E-52E2497A055C}.Release|Any CPU.ActiveCfg = Release|Any CPU
		{586FD5AB-92ED-41BD-923E-52E2497A055C}.Release|Any CPU.Build.0 = Release|Any CPU
	EndGlobalSection
	GlobalSection(SolutionProperties) = preSolution
		HideSolutionNode = FALSE
	EndGlobalSection
	GlobalSection(ExtensibilityGlobals) = postSolution
		SolutionGuid = {6C4C14B1-194F-4D06-81AC-79312ADE26D1}
	EndGlobalSection
EndGlobal
