
Microsoft Visual Studio Solution File, Format Version 12.00
# Visual Studio Version 17
VisualStudioVersion = 17.5.33516.290
MinimumVisualStudioVersion = 10.0.40219.1
Project("{FAE04EC0-301F-11D3-BF4B-00C04F79EFBC}") = "EnumLesson", "EnumLesson\EnumLesson.csproj", "{CEF7BDFA-0C86-43FD-8962-35DAC376D2CF}"
EndProject
Global
	GlobalSection(SolutionConfigurationPlatforms) = preSolution
		Debug|Any CPU = Debug|Any CPU
		Release|Any CPU = Release|Any CPU
	EndGlobalSection
	GlobalSection(ProjectConfigurationPlatforms) = postSolution
		{CEF7BDFA-0C86-43FD-8962-35DAC376D2CF}.Debug|Any CPU.ActiveCfg = Debug|Any CPU
		{CEF7BDFA-0C86-43FD-8962-35DAC376D2CF}.Debug|Any CPU.Build.0 = Debug|Any CPU
		{CEF7BDFA-0C86-43FD-8962-35DAC376D2CF}.Release|Any CPU.ActiveCfg = Release|Any CPU
		{CEF7BDFA-0C86-43FD-8962-35DAC376D2CF}.Release|Any CPU.Build.0 = Release|Any CPU
	EndGlobalSection
	GlobalSection(SolutionProperties) = preSolution
		HideSolutionNode = FALSE
	EndGlobalSection
	GlobalSection(ExtensibilityGlobals) = postSolution
		SolutionGuid = {9956A47A-EE3F-4088-8BE9-749E9139EF78}
	EndGlobalSection
EndGlobal
